
Microsoft Visual Studio Solution File, Format Version 12.00
# Visual Studio Version 17
VisualStudioVersion = 17.9.34723.18
MinimumVisualStudioVersion = 10.0.40219.1
Project("{FAE04EC0-301F-11D3-BF4B-00C04F79EFBC}") = "CandidatesWebAPI", "CandidatesWebAPI\CandidatesWebAPI.csproj", "{72A89168-97B9-4112-BA98-465C3606A1D6}"
EndProject
Global
	GlobalSection(SolutionConfigurationPlatforms) = preSolution
		Debug|Any CPU = Debug|Any CPU
		Release|Any CPU = Release|Any CPU
	EndGlobalSection
	GlobalSection(ProjectConfigurationPlatforms) = postSolution
		{72A89168-97B9-4112-BA98-465C3606A1D6}.Debug|Any CPU.ActiveCfg = Debug|Any CPU
		{72A89168-97B9-4112-BA98-465C3606A1D6}.Debug|Any CPU.Build.0 = Debug|Any CPU
		{72A89168-97B9-4112-BA98-465C3606A1D6}.Release|Any CPU.ActiveCfg = Release|Any CPU
		{72A89168-97B9-4112-BA98-465C3606A1D6}.Release|Any CPU.Build.0 = Release|Any CPU
	EndGlobalSection
	GlobalSection(SolutionProperties) = preSolution
		HideSolutionNode = FALSE
	EndGlobalSection
	GlobalSection(ExtensibilityGlobals) = postSolution
		SolutionGuid = {E0162648-3872-496A-9EB8-310B0107D06F}
	EndGlobalSection
EndGlobal
